<?xml version="1.0" encoding="utf-8"?>
<Project ToolsVersion="4.0" xmlns="http://schemas.microsoft.com/developer/msbuild/2003">
  <ItemGroup>
    <Filter Include="header">
      <UniqueIdentifier>{93995380-89BD-4b04-88EB-625FBE52EBFB}</UniqueIdentifier>
      <Extensions>h;hh;hpp;hxx;h++;hm;inl;inc;ipp;xsd</Extensions>
    </Filter>
    <Filter Include="source">
      <UniqueIdentifier>{4FC737F1-C7A5-4376-A066-2A32D752A2FF}</UniqueIdentifier>
      <Extensions>cpp;c;cc;cxx;c++;cppm;ixx;def;odl;idl;hpj;bat;asm;asmx</Extensions>
    </Filter>
    <Filter Include="source\lua">
      <UniqueIdentifier>{25deb5a4-a6b3-4ccb-9664-6db803ad04e5}</UniqueIdentifier>
    </Filter>
    <Filter Include="source\box2d">
      <UniqueIdentifier>{b0a918db-ccaf-4333-9ff9-afe378472ffe}</UniqueIdentifier>
    </Filter>
    <Filter Include="resource">
      <UniqueIdentifier>{67DA6AB6-F800-4c08-8B7A-83BB121AAD01}</UniqueIdentifier>
      <Extensions>rc;ico;cur;bmp;dlg;rc2;rct;bin;rgs;gif;jpg;jpeg;jpe;resx;tiff;tif;png;wav;mfcribbon-ms</Extensions>
    </Filter>
  </ItemGroup>
  <ItemGroup>
    <ClCompile Include="src\main.cpp">
      <Filter>source</Filter>
    </ClCompile>
    <ClCompile Include="src\Modding.cpp">
      <Filter>source</Filter>
    </ClCompile>
    <ClCompile Include="src\Player.cpp">
      <Filter>source</Filter>
    </ClCompile>
    <ClCompile Include="src\Scene.cpp">
      <Filter>source</Filter>
    </ClCompile>
    <ClCompile Include="src\TextAdventure.cpp">
      <Filter>source</Filter>
    </ClCompile>
    <ClCompile Include="src\Utils.cpp">
      <Filter>source</Filter>
    </ClCompile>
    <ClCompile Include="src\Actor.cpp">
      <Filter>source</Filter>
    </ClCompile>
    <ClCompile Include="src\Renderer.cpp">
      <Filter>source</Filter>
    </ClCompile>
    <ClCompile Include="src\Resources.cpp">
      <Filter>source</Filter>
    </ClCompile>
    <ClCompile Include="src\Input.cpp">
      <Filter>source</Filter>
    </ClCompile>
    <ClCompile Include="src\Map.cpp">
      <Filter>source</Filter>
    </ClCompile>
    <ClCompile Include="src\EndStageView.cpp">
      <Filter>header</Filter>
    </ClCompile>
    <ClCompile Include="src\IntroStageView.cpp">
      <Filter>header</Filter>
    </ClCompile>
    <ClCompile Include="src\MainStageView.cpp">
      <Filter>header</Filter>
    </ClCompile>
    <ClCompile Include="src\lapi.cpp">
      <Filter>source\lua</Filter>
    </ClCompile>
    <ClCompile Include="src\lauxlib.cpp">
      <Filter>source\lua</Filter>
    </ClCompile>
    <ClCompile Include="src\lbaselib.cpp">
      <Filter>source\lua</Filter>
    </ClCompile>
    <ClCompile Include="src\lcode.cpp">
      <Filter>source\lua</Filter>
    </ClCompile>
    <ClCompile Include="src\lcorolib.cpp">
      <Filter>source\lua</Filter>
    </ClCompile>
    <ClCompile Include="src\lctype.cpp">
      <Filter>source\lua</Filter>
    </ClCompile>
    <ClCompile Include="src\ldblib.cpp">
      <Filter>source\lua</Filter>
    </ClCompile>
    <ClCompile Include="src\ldebug.cpp">
      <Filter>source\lua</Filter>
    </ClCompile>
    <ClCompile Include="src\ldo.cpp">
      <Filter>source\lua</Filter>
    </ClCompile>
    <ClCompile Include="src\ldump.cpp">
      <Filter>source\lua</Filter>
    </ClCompile>
    <ClCompile Include="src\lfunc.cpp">
      <Filter>source\lua</Filter>
    </ClCompile>
    <ClCompile Include="src\lgc.cpp">
      <Filter>source\lua</Filter>
    </ClCompile>
    <ClCompile Include="src\linit.cpp">
      <Filter>source\lua</Filter>
    </ClCompile>
    <ClCompile Include="src\liolib.cpp">
      <Filter>source\lua</Filter>
    </ClCompile>
    <ClCompile Include="src\llex.cpp">
      <Filter>source\lua</Filter>
    </ClCompile>
    <ClCompile Include="src\lmathlib.cpp">
      <Filter>source\lua</Filter>
    </ClCompile>
    <ClCompile Include="src\lmem.cpp">
      <Filter>source\lua</Filter>
    </ClCompile>
    <ClCompile Include="src\loadlib.cpp">
      <Filter>source\lua</Filter>
    </ClCompile>
    <ClCompile Include="src\lobject.cpp">
      <Filter>source\lua</Filter>
    </ClCompile>
    <ClCompile Include="src\lopcodes.cpp">
      <Filter>source\lua</Filter>
    </ClCompile>
    <ClCompile Include="src\loslib.cpp">
      <Filter>source\lua</Filter>
    </ClCompile>
    <ClCompile Include="src\lparser.cpp">
      <Filter>source\lua</Filter>
    </ClCompile>
    <ClCompile Include="src\lstate.cpp">
      <Filter>source\lua</Filter>
    </ClCompile>
    <ClCompile Include="src\lstring.cpp">
      <Filter>source\lua</Filter>
    </ClCompile>
    <ClCompile Include="src\lstrlib.cpp">
      <Filter>source\lua</Filter>
    </ClCompile>
    <ClCompile Include="src\ltable.cpp">
      <Filter>source\lua</Filter>
    </ClCompile>
    <ClCompile Include="src\ltablib.cpp">
      <Filter>source\lua</Filter>
    </ClCompile>
    <ClCompile Include="src\ltm.cpp">
      <Filter>source\lua</Filter>
    </ClCompile>
    <ClCompile Include="src\lundump.cpp">
      <Filter>source\lua</Filter>
    </ClCompile>
    <ClCompile Include="src\lutf8lib.cpp">
      <Filter>source\lua</Filter>
    </ClCompile>
    <ClCompile Include="src\lvm.cpp">
      <Filter>source\lua</Filter>
    </ClCompile>
    <ClCompile Include="src\lzio.cpp">
      <Filter>source\lua</Filter>
    </ClCompile>
    <ClCompile Include="src\b2_block_allocator.cpp">
      <Filter>source\box2d</Filter>
    </ClCompile>
    <ClCompile Include="src\b2_body.cpp">
      <Filter>source\box2d</Filter>
    </ClCompile>
    <ClCompile Include="src\b2_chain_circle_contact.cpp">
      <Filter>source\box2d</Filter>
    </ClCompile>
    <ClCompile Include="src\b2_chain_polygon_contact.cpp">
      <Filter>source\box2d</Filter>
    </ClCompile>
    <ClCompile Include="src\b2_chain_shape.cpp">
      <Filter>source\box2d</Filter>
    </ClCompile>
    <ClCompile Include="src\b2_circle_contact.cpp">
      <Filter>source\box2d</Filter>
    </ClCompile>
    <ClCompile Include="src\b2_circle_shape.cpp">
      <Filter>source\box2d</Filter>
    </ClCompile>
    <ClCompile Include="src\b2_collide_circle.cpp">
      <Filter>source\box2d</Filter>
    </ClCompile>
    <ClCompile Include="src\b2_collide_edge.cpp">
      <Filter>source\box2d</Filter>
    </ClCompile>
    <ClCompile Include="src\b2_collide_polygon.cpp">
      <Filter>source\box2d</Filter>
    </ClCompile>
    <ClCompile Include="src\b2_collision.cpp">
      <Filter>source\box2d</Filter>
    </ClCompile>
    <ClCompile Include="src\b2_contact.cpp">
      <Filter>source\box2d</Filter>
    </ClCompile>
    <ClCompile Include="src\b2_contact_manager.cpp">
      <Filter>source\box2d</Filter>
    </ClCompile>
    <ClCompile Include="src\b2_contact_solver.cpp">
      <Filter>source\box2d</Filter>
    </ClCompile>
    <ClCompile Include="src\b2_distance.cpp">
      <Filter>source\box2d</Filter>
    </ClCompile>
    <ClCompile Include="src\b2_distance_joint.cpp">
      <Filter>source\box2d</Filter>
    </ClCompile>
    <ClCompile Include="src\b2_draw.cpp">
      <Filter>source\box2d</Filter>
    </ClCompile>
    <ClCompile Include="src\b2_dynamic_tree.cpp">
      <Filter>source\box2d</Filter>
    </ClCompile>
    <ClCompile Include="src\b2_edge_circle_contact.cpp">
      <Filter>source\box2d</Filter>
    </ClCompile>
    <ClCompile Include="src\b2_edge_polygon_contact.cpp">
      <Filter>source\box2d</Filter>
    </ClCompile>
    <ClCompile Include="src\b2_edge_shape.cpp">
      <Filter>source\box2d</Filter>
    </ClCompile>
    <ClCompile Include="src\b2_fixture.cpp">
      <Filter>source\box2d</Filter>
    </ClCompile>
    <ClCompile Include="src\b2_friction_joint.cpp">
      <Filter>source\box2d</Filter>
    </ClCompile>
    <ClCompile Include="src\b2_gear_joint.cpp">
      <Filter>source\box2d</Filter>
    </ClCompile>
    <ClCompile Include="src\b2_island.cpp">
      <Filter>source\box2d</Filter>
    </ClCompile>
    <ClCompile Include="src\b2_joint.cpp">
      <Filter>source\box2d</Filter>
    </ClCompile>
    <ClCompile Include="src\b2_math.cpp">
      <Filter>source\box2d</Filter>
    </ClCompile>
    <ClCompile Include="src\b2_motor_joint.cpp">
      <Filter>source\box2d</Filter>
    </ClCompile>
    <ClCompile Include="src\b2_mouse_joint.cpp">
      <Filter>source\box2d</Filter>
    </ClCompile>
    <ClCompile Include="src\b2_polygon_circle_contact.cpp">
      <Filter>source\box2d</Filter>
    </ClCompile>
    <ClCompile Include="src\b2_polygon_contact.cpp">
      <Filter>source\box2d</Filter>
    </ClCompile>
    <ClCompile Include="src\b2_polygon_shape.cpp">
      <Filter>source\box2d</Filter>
    </ClCompile>
    <ClCompile Include="src\b2_prismatic_joint.cpp">
      <Filter>source\box2d</Filter>
    </ClCompile>
    <ClCompile Include="src\b2_pulley_joint.cpp">
      <Filter>source\box2d</Filter>
    </ClCompile>
    <ClCompile Include="src\b2_revolute_joint.cpp">
      <Filter>source\box2d</Filter>
    </ClCompile>
    <ClCompile Include="src\b2_rope.cpp">
      <Filter>source\box2d</Filter>
    </ClCompile>
    <ClCompile Include="src\b2_settings.cpp">
      <Filter>source\box2d</Filter>
    </ClCompile>
    <ClCompile Include="src\b2_stack_allocator.cpp">
      <Filter>source\box2d</Filter>
    </ClCompile>
    <ClCompile Include="src\b2_time_of_impact.cpp">
      <Filter>source\box2d</Filter>
    </ClCompile>
    <ClCompile Include="src\b2_timer.cpp">
      <Filter>source\box2d</Filter>
    </ClCompile>
    <ClCompile Include="src\b2_weld_joint.cpp">
      <Filter>source\box2d</Filter>
    </ClCompile>
    <ClCompile Include="src\b2_wheel_joint.cpp">
      <Filter>source\box2d</Filter>
    </ClCompile>
    <ClCompile Include="src\b2_world.cpp">
      <Filter>source\box2d</Filter>
    </ClCompile>
    <ClCompile Include="src\b2_world_callbacks.cpp">
      <Filter>source\box2d</Filter>
    </ClCompile>
    <ClCompile Include="src\b2_broad_phase.cpp">
      <Filter>source\box2d</Filter>
    </ClCompile>
  </ItemGroup>
  <ItemGroup>
    <ClInclude Include="src\Modding.h">
      <Filter>header</Filter>
    </ClInclude>
    <ClInclude Include="src\Player.h">
      <Filter>header</Filter>
    </ClInclude>
    <ClInclude Include="src\Scene.h">
      <Filter>header</Filter>
    </ClInclude>
    <ClInclude Include="src\TextAdventure.h">
      <Filter>header</Filter>
    </ClInclude>
    <ClInclude Include="src\Utils.h">
      <Filter>header</Filter>
    </ClInclude>
    <ClInclude Include="src\Actor.h">
      <Filter>header</Filter>
    </ClInclude>
    <ClInclude Include="src\AudioHelper.h">
      <Filter>header</Filter>
    </ClInclude>
    <ClInclude Include="src\Helper.h">
      <Filter>header</Filter>
    </ClInclude>
    <ClInclude Include="src\Constants.h">
      <Filter>header</Filter>
    </ClInclude>
    <ClInclude Include="src\Dialogue.h">
      <Filter>header</Filter>
    </ClInclude>
    <ClInclude Include="src\Renderer.h">
      <Filter>header</Filter>
    </ClInclude>
    <ClInclude Include="src\Resources.h">
      <Filter>header</Filter>
    </ClInclude>
    <ClInclude Include="src\Text.h">
      <Filter>header</Filter>
    </ClInclude>
    <ClInclude Include="src\Audio.h">
      <Filter>header</Filter>
    </ClInclude>
    <ClInclude Include="src\Input.h">
      <Filter>header</Filter>
    </ClInclude>
    <ClInclude Include="src\Image.h">
      <Filter>header</Filter>
    </ClInclude>
    <ClInclude Include="src\Sfx.h">
      <Filter>header</Filter>
    </ClInclude>
    <ClInclude Include="src\Map.h">
      <Filter>header</Filter>
    </ClInclude>
    <ClInclude Include="src\keycode_to_scancode.h">
      <Filter>header</Filter>
    </ClInclude>
  </ItemGroup>
  <ItemGroup>
    <Text Include="out.txt" />
  </ItemGroup>
  <ItemGroup>
    <None Include=".gitignore" />
    <None Include="ThirdParty\SDL2\SDL2_image-devel-2.6.3-VC\SDL2_image-2.6.3\lib\x86\SDL2_image.dll" />
    <None Include="ThirdParty\SDL2\SDL2_mixer-devel-2.6.3-VC\SDL2_mixer-2.6.3\lib\x86\SDL2_mixer.dll" />
    <None Include="ThirdParty\SDL2\SDL2_ttf-devel-2.20.2-VC\SDL2_ttf-2.20.2\lib\x86\SDL2_ttf.dll" />
    <None Include="ThirdParty\SDL2\SDL2-devel-2.28.5-VC\SDL2-2.28.5\lib\x86\SDL2.dll" />
    <None Include=".clang-format" />
  </ItemGroup>
</Project>